
Microsoft Visual Studio Solution File, Format Version 12.00
# Visual Studio Version 17
Project("{2150E333-8FDC-42A3-9474-1A3956D46DE8}") = "CMake", "CMake", "{31AED966-E955-38D5-A005-B52D3D7AA1D7}"
EndProject
Project("{2150E333-8FDC-42A3-9474-1A3956D46DE8}") = "SFML", "SFML", "{C401BF1E-8427-3875-A78A-EC2FAD5B357E}"
EndProject
Project("{8BC9CEB8-8B4A-11D0-8D11-00A0C91BC942}") = "ALL_BUILD", "ALL_BUILD.vcxproj", "{8C20A9DF-B6C6-34E3-AC19-B8AA58CCD576}"
	ProjectSection(ProjectDependencies) = postProject
		{6A3F54B4-1BD4-3914-AD39-A24446761C82} = {6A3F54B4-1BD4-3914-AD39-A24446761C82}
		{42458665-50FF-3DBA-AABE-520B9CF8C0EE} = {42458665-50FF-3DBA-AABE-520B9CF8C0EE}
		{C59DB6C6-72C6-3E9D-9C72-A4FDC061581F} = {C59DB6C6-72C6-3E9D-9C72-A4FDC061581F}
		{5A24B446-AEF7-3E2D-BC70-218E4E1C9A94} = {5A24B446-AEF7-3E2D-BC70-218E4E1C9A94}
	EndProjectSection
EndProject
Project("{8BC9CEB8-8B4A-11D0-8D11-00A0C91BC942}") = "INSTALL", "INSTALL.vcxproj", "{E05EAE1A-3211-3546-A719-B7BC7EC3408B}"
	ProjectSection(ProjectDependencies) = postProject
		{8C20A9DF-B6C6-34E3-AC19-B8AA58CCD576} = {8C20A9DF-B6C6-34E3-AC19-B8AA58CCD576}
		{42458665-50FF-3DBA-AABE-520B9CF8C0EE} = {42458665-50FF-3DBA-AABE-520B9CF8C0EE}
	EndProjectSection
EndProject
Project("{8BC9CEB8-8B4A-11D0-8D11-00A0C91BC942}") = "ImGui-SFML", "ImGui-SFML.vcxproj", "{6A3F54B4-1BD4-3914-AD39-A24446761C82}"
	ProjectSection(ProjectDependencies) = postProject
		{42458665-50FF-3DBA-AABE-520B9CF8C0EE} = {42458665-50FF-3DBA-AABE-520B9CF8C0EE}
		{78A99950-A068-3F86-9BDE-2AE4B42947F3} = {78A99950-A068-3F86-9BDE-2AE4B42947F3}
		{FD8962C1-B651-3A58-974D-0C1EA267D54E} = {FD8962C1-B651-3A58-974D-0C1EA267D54E}
		{B1AB5869-9358-39D8-B033-B5F54C2DC152} = {B1AB5869-9358-39D8-B033-B5F54C2DC152}
	EndProjectSection
EndProject
Project("{8BC9CEB8-8B4A-11D0-8D11-00A0C91BC942}") = "PACKAGE", "PACKAGE.vcxproj", "{2B61D6B5-FC95-3E14-A36E-90D0FAF7D036}"
	ProjectSection(ProjectDependencies) = postProject
		{8C20A9DF-B6C6-34E3-AC19-B8AA58CCD576} = {8C20A9DF-B6C6-34E3-AC19-B8AA58CCD576}
		{42458665-50FF-3DBA-AABE-520B9CF8C0EE} = {42458665-50FF-3DBA-AABE-520B9CF8C0EE}
	EndProjectSection
EndProject
Project("{8BC9CEB8-8B4A-11D0-8D11-00A0C91BC942}") = "ZERO_CHECK", "ZERO_CHECK.vcxproj", "{42458665-50FF-3DBA-AABE-520B9CF8C0EE}"
	ProjectSection(ProjectDependencies) = postProject
	EndProjectSection
EndProject
Project("{8BC9CEB8-8B4A-11D0-8D11-00A0C91BC942}") = "oop", "oop.vcxproj", "{C59DB6C6-72C6-3E9D-9C72-A4FDC061581F}"
	ProjectSection(ProjectDependencies) = postProject
		{42458665-50FF-3DBA-AABE-520B9CF8C0EE} = {42458665-50FF-3DBA-AABE-520B9CF8C0EE}
	EndProjectSection
EndProject
Project("{8BC9CEB8-8B4A-11D0-8D11-00A0C91BC942}") = "oop_gui", "oop_gui.vcxproj", "{5A24B446-AEF7-3E2D-BC70-218E4E1C9A94}"
	ProjectSection(ProjectDependencies) = postProject
		{6A3F54B4-1BD4-3914-AD39-A24446761C82} = {6A3F54B4-1BD4-3914-AD39-A24446761C82}
		{42458665-50FF-3DBA-AABE-520B9CF8C0EE} = {42458665-50FF-3DBA-AABE-520B9CF8C0EE}
		{78A99950-A068-3F86-9BDE-2AE4B42947F3} = {78A99950-A068-3F86-9BDE-2AE4B42947F3}
		{FD8962C1-B651-3A58-974D-0C1EA267D54E} = {FD8962C1-B651-3A58-974D-0C1EA267D54E}
		{B1AB5869-9358-39D8-B033-B5F54C2DC152} = {B1AB5869-9358-39D8-B033-B5F54C2DC152}
	EndProjectSection
EndProject
Project("{8BC9CEB8-8B4A-11D0-8D11-00A0C91BC942}") = "sfml-graphics", "_deps\sfml-build\src\SFML\Graphics\sfml-graphics.vcxproj", "{78A99950-A068-3F86-9BDE-2AE4B42947F3}"
	ProjectSection(ProjectDependencies) = postProject
		{42458665-50FF-3DBA-AABE-520B9CF8C0EE} = {42458665-50FF-3DBA-AABE-520B9CF8C0EE}
		{FD8962C1-B651-3A58-974D-0C1EA267D54E} = {FD8962C1-B651-3A58-974D-0C1EA267D54E}
		{B1AB5869-9358-39D8-B033-B5F54C2DC152} = {B1AB5869-9358-39D8-B033-B5F54C2DC152}
	EndProjectSection
EndProject
Project("{8BC9CEB8-8B4A-11D0-8D11-00A0C91BC942}") = "sfml-system", "_deps\sfml-build\src\SFML\System\sfml-system.vcxproj", "{FD8962C1-B651-3A58-974D-0C1EA267D54E}"
	ProjectSection(ProjectDependencies) = postProject
		{42458665-50FF-3DBA-AABE-520B9CF8C0EE} = {42458665-50FF-3DBA-AABE-520B9CF8C0EE}
	EndProjectSection
EndProject
Project("{8BC9CEB8-8B4A-11D0-8D11-00A0C91BC942}") = "sfml-window", "_deps\sfml-build\src\SFML\Window\sfml-window.vcxproj", "{B1AB5869-9358-39D8-B033-B5F54C2DC152}"
	ProjectSection(ProjectDependencies) = postProject
		{42458665-50FF-3DBA-AABE-520B9CF8C0EE} = {42458665-50FF-3DBA-AABE-520B9CF8C0EE}
		{FD8962C1-B651-3A58-974D-0C1EA267D54E} = {FD8962C1-B651-3A58-974D-0C1EA267D54E}
	EndProjectSection
EndProject
Global
	GlobalSection(SolutionConfigurationPlatforms) = preSolution
		Debug|x64 = Debug|x64
		Release|x64 = Release|x64
		MinSizeRel|x64 = MinSizeRel|x64
		RelWithDebInfo|x64 = RelWithDebInfo|x64
	EndGlobalSection
	GlobalSection(ProjectConfigurationPlatforms) = postSolution
		{8C20A9DF-B6C6-34E3-AC19-B8AA58CCD576}.Debug|x64.ActiveCfg = Debug|x64
		{8C20A9DF-B6C6-34E3-AC19-B8AA58CCD576}.Debug|x64.Build.0 = Debug|x64
		{8C20A9DF-B6C6-34E3-AC19-B8AA58CCD576}.Release|x64.ActiveCfg = Release|x64
		{8C20A9DF-B6C6-34E3-AC19-B8AA58CCD576}.Release|x64.Build.0 = Release|x64
		{8C20A9DF-B6C6-34E3-AC19-B8AA58CCD576}.MinSizeRel|x64.ActiveCfg = MinSizeRel|x64
		{8C20A9DF-B6C6-34E3-AC19-B8AA58CCD576}.MinSizeRel|x64.Build.0 = MinSizeRel|x64
		{8C20A9DF-B6C6-34E3-AC19-B8AA58CCD576}.RelWithDebInfo|x64.ActiveCfg = RelWithDebInfo|x64
		{8C20A9DF-B6C6-34E3-AC19-B8AA58CCD576}.RelWithDebInfo|x64.Build.0 = RelWithDebInfo|x64
		{E05EAE1A-3211-3546-A719-B7BC7EC3408B}.Debug|x64.ActiveCfg = Debug|x64
		{E05EAE1A-3211-3546-A719-B7BC7EC3408B}.Release|x64.ActiveCfg = Release|x64
		{E05EAE1A-3211-3546-A719-B7BC7EC3408B}.MinSizeRel|x64.ActiveCfg = MinSizeRel|x64
		{E05EAE1A-3211-3546-A719-B7BC7EC3408B}.RelWithDebInfo|x64.ActiveCfg = RelWithDebInfo|x64
		{6A3F54B4-1BD4-3914-AD39-A24446761C82}.Debug|x64.ActiveCfg = Debug|x64
		{6A3F54B4-1BD4-3914-AD39-A24446761C82}.Debug|x64.Build.0 = Debug|x64
		{6A3F54B4-1BD4-3914-AD39-A24446761C82}.Release|x64.ActiveCfg = Release|x64
		{6A3F54B4-1BD4-3914-AD39-A24446761C82}.Release|x64.Build.0 = Release|x64
		{6A3F54B4-1BD4-3914-AD39-A24446761C82}.MinSizeRel|x64.ActiveCfg = MinSizeRel|x64
		{6A3F54B4-1BD4-3914-AD39-A24446761C82}.MinSizeRel|x64.Build.0 = MinSizeRel|x64
		{6A3F54B4-1BD4-3914-AD39-A24446761C82}.RelWithDebInfo|x64.ActiveCfg = RelWithDebInfo|x64
		{6A3F54B4-1BD4-3914-AD39-A24446761C82}.RelWithDebInfo|x64.Build.0 = RelWithDebInfo|x64
		{2B61D6B5-FC95-3E14-A36E-90D0FAF7D036}.Debug|x64.ActiveCfg = Debug|x64
		{2B61D6B5-FC95-3E14-A36E-90D0FAF7D036}.Release|x64.ActiveCfg = Release|x64
		{2B61D6B5-FC95-3E14-A36E-90D0FAF7D036}.MinSizeRel|x64.ActiveCfg = MinSizeRel|x64
		{2B61D6B5-FC95-3E14-A36E-90D0FAF7D036}.RelWithDebInfo|x64.ActiveCfg = RelWithDebInfo|x64
		{42458665-50FF-3DBA-AABE-520B9CF8C0EE}.Debug|x64.ActiveCfg = Debug|x64
		{42458665-50FF-3DBA-AABE-520B9CF8C0EE}.Debug|x64.Build.0 = Debug|x64
		{42458665-50FF-3DBA-AABE-520B9CF8C0EE}.Release|x64.ActiveCfg = Release|x64
		{42458665-50FF-3DBA-AABE-520B9CF8C0EE}.Release|x64.Build.0 = Release|x64
		{42458665-50FF-3DBA-AABE-520B9CF8C0EE}.MinSizeRel|x64.ActiveCfg = MinSizeRel|x64
		{42458665-50FF-3DBA-AABE-520B9CF8C0EE}.MinSizeRel|x64.Build.0 = MinSizeRel|x64
		{42458665-50FF-3DBA-AABE-520B9CF8C0EE}.RelWithDebInfo|x64.ActiveCfg = RelWithDebInfo|x64
		{42458665-50FF-3DBA-AABE-520B9CF8C0EE}.RelWithDebInfo|x64.Build.0 = RelWithDebInfo|x64
		{C59DB6C6-72C6-3E9D-9C72-A4FDC061581F}.Debug|x64.ActiveCfg = Debug|x64
		{C59DB6C6-72C6-3E9D-9C72-A4FDC061581F}.Debug|x64.Build.0 = Debug|x64
		{C59DB6C6-72C6-3E9D-9C72-A4FDC061581F}.Release|x64.ActiveCfg = Release|x64
		{C59DB6C6-72C6-3E9D-9C72-A4FDC061581F}.Release|x64.Build.0 = Release|x64
		{C59DB6C6-72C6-3E9D-9C72-A4FDC061581F}.MinSizeRel|x64.ActiveCfg = MinSizeRel|x64
		{C59DB6C6-72C6-3E9D-9C72-A4FDC061581F}.MinSizeRel|x64.Build.0 = MinSizeRel|x64
		{C59DB6C6-72C6-3E9D-9C72-A4FDC061581F}.RelWithDebInfo|x64.ActiveCfg = RelWithDebInfo|x64
		{C59DB6C6-72C6-3E9D-9C72-A4FDC061581F}.RelWithDebInfo|x64.Build.0 = RelWithDebInfo|x64
		{5A24B446-AEF7-3E2D-BC70-218E4E1C9A94}.Debug|x64.ActiveCfg = Debug|x64
		{5A24B446-AEF7-3E2D-BC70-218E4E1C9A94}.Debug|x64.Build.0 = Debug|x64
		{5A24B446-AEF7-3E2D-BC70-218E4E1C9A94}.Release|x64.ActiveCfg = Release|x64
		{5A24B446-AEF7-3E2D-BC70-218E4E1C9A94}.Release|x64.Build.0 = Release|x64
		{5A24B446-AEF7-3E2D-BC70-218E4E1C9A94}.MinSizeRel|x64.ActiveCfg = MinSizeRel|x64
		{5A24B446-AEF7-3E2D-BC70-218E4E1C9A94}.MinSizeRel|x64.Build.0 = MinSizeRel|x64
		{5A24B446-AEF7-3E2D-BC70-218E4E1C9A94}.RelWithDebInfo|x64.ActiveCfg = RelWithDebInfo|x64
		{5A24B446-AEF7-3E2D-BC70-218E4E1C9A94}.RelWithDebInfo|x64.Build.0 = RelWithDebInfo|x64
		{78A99950-A068-3F86-9BDE-2AE4B42947F3}.Debug|x64.ActiveCfg = Debug|x64
		{78A99950-A068-3F86-9BDE-2AE4B42947F3}.Debug|x64.Build.0 = Debug|x64
		{78A99950-A068-3F86-9BDE-2AE4B42947F3}.Release|x64.ActiveCfg = Release|x64
		{78A99950-A068-3F86-9BDE-2AE4B42947F3}.Release|x64.Build.0 = Release|x64
		{78A99950-A068-3F86-9BDE-2AE4B42947F3}.MinSizeRel|x64.ActiveCfg = MinSizeRel|x64
		{78A99950-A068-3F86-9BDE-2AE4B42947F3}.MinSizeRel|x64.Build.0 = MinSizeRel|x64
		{78A99950-A068-3F86-9BDE-2AE4B42947F3}.RelWithDebInfo|x64.ActiveCfg = RelWithDebInfo|x64
		{78A99950-A068-3F86-9BDE-2AE4B42947F3}.RelWithDebInfo|x64.Build.0 = RelWithDebInfo|x64
		{FD8962C1-B651-3A58-974D-0C1EA267D54E}.Debug|x64.ActiveCfg = Debug|x64
		{FD8962C1-B651-3A58-974D-0C1EA267D54E}.Debug|x64.Build.0 = Debug|x64
		{FD8962C1-B651-3A58-974D-0C1EA267D54E}.Release|x64.ActiveCfg = Release|x64
		{FD8962C1-B651-3A58-974D-0C1EA267D54E}.Release|x64.Build.0 = Release|x64
		{FD8962C1-B651-3A58-974D-0C1EA267D54E}.MinSizeRel|x64.ActiveCfg = MinSizeRel|x64
		{FD8962C1-B651-3A58-974D-0C1EA267D54E}.MinSizeRel|x64.Build.0 = MinSizeRel|x64
		{FD8962C1-B651-3A58-974D-0C1EA267D54E}.RelWithDebInfo|x64.ActiveCfg = RelWithDebInfo|x64
		{FD8962C1-B651-3A58-974D-0C1EA267D54E}.RelWithDebInfo|x64.Build.0 = RelWithDebInfo|x64
		{B1AB5869-9358-39D8-B033-B5F54C2DC152}.Debug|x64.ActiveCfg = Debug|x64
		{B1AB5869-9358-39D8-B033-B5F54C2DC152}.Debug|x64.Build.0 = Debug|x64
		{B1AB5869-9358-39D8-B033-B5F54C2DC152}.Release|x64.ActiveCfg = Release|x64
		{B1AB5869-9358-39D8-B033-B5F54C2DC152}.Release|x64.Build.0 = Release|x64
		{B1AB5869-9358-39D8-B033-B5F54C2DC152}.MinSizeRel|x64.ActiveCfg = MinSizeRel|x64
		{B1AB5869-9358-39D8-B033-B5F54C2DC152}.MinSizeRel|x64.Build.0 = MinSizeRel|x64
		{B1AB5869-9358-39D8-B033-B5F54C2DC152}.RelWithDebInfo|x64.ActiveCfg = RelWithDebInfo|x64
		{B1AB5869-9358-39D8-B033-B5F54C2DC152}.RelWithDebInfo|x64.Build.0 = RelWithDebInfo|x64
	EndGlobalSection
	GlobalSection(NestedProjects) = preSolution
		{8C20A9DF-B6C6-34E3-AC19-B8AA58CCD576} = {31AED966-E955-38D5-A005-B52D3D7AA1D7}
		{E05EAE1A-3211-3546-A719-B7BC7EC3408B} = {31AED966-E955-38D5-A005-B52D3D7AA1D7}
		{2B61D6B5-FC95-3E14-A36E-90D0FAF7D036} = {31AED966-E955-38D5-A005-B52D3D7AA1D7}
		{42458665-50FF-3DBA-AABE-520B9CF8C0EE} = {31AED966-E955-38D5-A005-B52D3D7AA1D7}
		{78A99950-A068-3F86-9BDE-2AE4B42947F3} = {C401BF1E-8427-3875-A78A-EC2FAD5B357E}
		{FD8962C1-B651-3A58-974D-0C1EA267D54E} = {C401BF1E-8427-3875-A78A-EC2FAD5B357E}
		{B1AB5869-9358-39D8-B033-B5F54C2DC152} = {C401BF1E-8427-3875-A78A-EC2FAD5B357E}
	EndGlobalSection
	GlobalSection(ExtensibilityGlobals) = postSolution
		SolutionGuid = {D0B254CE-6A0F-35FE-A372-BC709A41AECB}
	EndGlobalSection
	GlobalSection(ExtensibilityAddIns) = postSolution
	EndGlobalSection
EndGlobal
